// !$*UTF8*$!
{
	archiveVersion = 1;
	classes = {
	};
	objectVersion = 48;
	objects = {

/* Begin PBXBuildFile section */
		070397601E20F4FB00856727 /* UIColor.swift in Sources */ = {isa = PBXBuildFile; fileRef = 0703975F1E20F4FB00856727 /* UIColor.swift */; };
		07131EA71E34748700F0CFE7 /* DownloadEarthquakes.swift in Sources */ = {isa = PBXBuildFile; fileRef = 0729FFE01E319855003CB630 /* DownloadEarthquakes.swift */; };
		07222C2B1E90DC090024BE9B /* Template.entitlements in Resources */ = {isa = PBXBuildFile; fileRef = 07222C2A1E90DAA60024BE9B /* Template.entitlements */; };
		072A91351E19D62D0054C122 /* Config.plist in Resources */ = {isa = PBXBuildFile; fileRef = 38652C4E1D47AE550006F4DC /* Config.plist */; };
		072F379C1E2DD6CE00262192 /* Keychain.swift in Sources */ = {isa = PBXBuildFile; fileRef = 072F379B1E2DD6CE00262192 /* Keychain.swift */; };
		072F37A41E2DDA2B00262192 /* Earthquake.swift in Sources */ = {isa = PBXBuildFile; fileRef = 072F37A31E2DDA2B00262192 /* Earthquake.swift */; };
		072F37B01E2DEC3900262192 /* AppController.swift in Sources */ = {isa = PBXBuildFile; fileRef = 072F37AF1E2DEC3900262192 /* AppController.swift */; };
		072F37B11E2DED0E00262192 /* Earthquakes.xcdatamodeld in Resources */ = {isa = PBXBuildFile; fileRef = 072F37A81E2DDEC000262192 /* Earthquakes.xcdatamodeld */; };
		072F3FB11E31BB2C00C419B0 /* GetLatestEarthquakes.swift in Sources */ = {isa = PBXBuildFile; fileRef = 07C985E41E2C7B1E00AD0635 /* GetLatestEarthquakes.swift */; };
		072F756B1E5D143C000A5E3C /* UINavigationController+UIProgressView.swift in Sources */ = {isa = PBXBuildFile; fileRef = 072F75691E5D143C000A5E3C /* UINavigationController+UIProgressView.swift */; };
		072F756C1E5D143C000A5E3C /* ProgressBarIndeterminate.swift in Sources */ = {isa = PBXBuildFile; fileRef = 072F756A1E5D143C000A5E3C /* ProgressBarIndeterminate.swift */; };
		07359CD41E430F450078E854 /* BaseClassControllers.swift in Sources */ = {isa = PBXBuildFile; fileRef = 07359CD31E430F450078E854 /* BaseClassControllers.swift */; };
		0735B2491E63EE62000EA664 /* LoginOnboarding.storyboard in Resources */ = {isa = PBXBuildFile; fileRef = 0735B2471E63EE62000EA664 /* LoginOnboarding.storyboard */; };
		0735B24B1E63F192000EA664 /* LogInOnboardingController.swift in Sources */ = {isa = PBXBuildFile; fileRef = 0735B24A1E63F192000EA664 /* LogInOnboardingController.swift */; };
		0735B24D1E64F341000EA664 /* LoginOnboardingPageViewController.swift in Sources */ = {isa = PBXBuildFile; fileRef = 0735B24C1E64F341000EA664 /* LoginOnboardingPageViewController.swift */; };
		0742555A1F5A3591007B74FE /* earthquakes.json in Resources */ = {isa = PBXBuildFile; fileRef = 07A7D7631E56DE4400D33992 /* earthquakes.json */; };
		07497E441E5697B0006A8F13 /* MoreInformation.swift in Sources */ = {isa = PBXBuildFile; fileRef = 07497E431E5697B0006A8F13 /* MoreInformation.swift */; };
		074FBAC91F0A2F8300CC01FF /* NetworkReachabilityManager.swift in Sources */ = {isa = PBXBuildFile; fileRef = 074FBAC81F0A2F6D00CC01FF /* NetworkReachabilityManager.swift */; };
		074FBAF51F0A35FA00CC01FF /* EarthquakesTableViewCoordinator.swift in Sources */ = {isa = PBXBuildFile; fileRef = 074FBAF31F0A33EF00CC01FF /* EarthquakesTableViewCoordinator.swift */; };
		074FBAF61F0A360200CC01FF /* EarthquakeSectionHeaderView.swift in Sources */ = {isa = PBXBuildFile; fileRef = 074FBAF41F0A349100CC01FF /* EarthquakeSectionHeaderView.swift */; };
		074FBAF81F0A365F00CC01FF /* BaseTableViewCoordinator.swift in Sources */ = {isa = PBXBuildFile; fileRef = 074FBAF71F0A365B00CC01FF /* BaseTableViewCoordinator.swift */; };
		07569BDF1E0FDE4A00D36893 /* Settings.bundle in Resources */ = {isa = PBXBuildFile; fileRef = 38B3265B1D6E440E00D55C29 /* Settings.bundle */; };
		07569BE01E0FDE6300D36893 /* Graphik-Bold.otf in Resources */ = {isa = PBXBuildFile; fileRef = E0EB02D91D48DAE600A73147 /* Graphik-Bold.otf */; };
		07569BE11E0FDE6300D36893 /* Graphik-Light.otf in Resources */ = {isa = PBXBuildFile; fileRef = E0EB02DA1D48DAE600A73147 /* Graphik-Light.otf */; };
		07569BE21E0FDE6300D36893 /* Graphik-Medium.otf in Resources */ = {isa = PBXBuildFile; fileRef = E0EB02DB1D48DAE600A73147 /* Graphik-Medium.otf */; };
		07569BE31E0FDE6300D36893 /* Graphik-Regular.otf in Resources */ = {isa = PBXBuildFile; fileRef = E0EB02DC1D48DAE600A73147 /* Graphik-Regular.otf */; };
		07569BE41E0FDE6300D36893 /* Graphik-Thin.otf in Resources */ = {isa = PBXBuildFile; fileRef = E0EB02DD1D48DAE600A73147 /* Graphik-Thin.otf */; };
		0756AF601E403C8600C9A825 /* ParseJSONEarthquakes.swift in Sources */ = {isa = PBXBuildFile; fileRef = 071DB1C51E3DCD9100034EE1 /* ParseJSONEarthquakes.swift */; };
		075AAD901E2DF5C500094457 /* EarthquakesTableViewController.swift in Sources */ = {isa = PBXBuildFile; fileRef = 072F379D1E2DD90900262192 /* EarthquakesTableViewController.swift */; };
		075AAD911E2DF5CC00094457 /* EarthquakeTableViewCell.swift in Sources */ = {isa = PBXBuildFile; fileRef = 072F379E1E2DD90900262192 /* EarthquakeTableViewCell.swift */; };
		075AAD921E2DF5CF00094457 /* EarthquakeBaseController.swift in Sources */ = {isa = PBXBuildFile; fileRef = 072F37A11E2DDA1D00262192 /* EarthquakeBaseController.swift */; };
		075AAD931E2DFC8F00094457 /* LoadEarthquakeModel.swift in Sources */ = {isa = PBXBuildFile; fileRef = 07C985E21E2C77CB00AD0635 /* LoadEarthquakeModel.swift */; };
		0763C02F1F243F5400E02C24 /* CLLocation.swift in Sources */ = {isa = PBXBuildFile; fileRef = 0763C02E1F243F5400E02C24 /* CLLocation.swift */; };
		0764592E1EADC27C006A93F1 /* VarelaRound-Regular.ttf in Resources */ = {isa = PBXBuildFile; fileRef = 0764592D1EADC27C006A93F1 /* VarelaRound-Regular.ttf */; };
		078721381F0A297600692126 /* NetworkStatusSlideDownView.swift in Sources */ = {isa = PBXBuildFile; fileRef = 0764592A1EADB45A006A93F1 /* NetworkStatusSlideDownView.swift */; };
		07A7D7511E56BE6100D33992 /* UIViewController.swift in Sources */ = {isa = PBXBuildFile; fileRef = 07A7D7501E56BE6100D33992 /* UIViewController.swift */; };
		07DA496B1E1E1D0400FA9A6E /* atomics.m in Sources */ = {isa = PBXBuildFile; fileRef = 07DA496A1E1E1D0400FA9A6E /* atomics.m */; };
		07DA49721E1E1DF500FA9A6E /* LaunchScreen.storyboard in Resources */ = {isa = PBXBuildFile; fileRef = 07DA496E1E1E1DF500FA9A6E /* LaunchScreen.storyboard */; };
		07DA49731E1E1DF500FA9A6E /* SignedIn.storyboard in Resources */ = {isa = PBXBuildFile; fileRef = 07DA49701E1E1DF500FA9A6E /* SignedIn.storyboard */; };
		07DA497A1E1F9AAF00FA9A6E /* MemoryResourceTracking.swift in Sources */ = {isa = PBXBuildFile; fileRef = 07DA49791E1F9AAF00FA9A6E /* MemoryResourceTracking.swift */; };
		07EF1BA51E7E7980006ED396 /* EditableEarthquakepoint.swift in Sources */ = {isa = PBXBuildFile; fileRef = 07EF1BA41E7E7980006ED396 /* EditableEarthquakepoint.swift */; };
		07EF1BA71E7E7A80006ED396 /* String.swift in Sources */ = {isa = PBXBuildFile; fileRef = 07EF1BA61E7E7A80006ED396 /* String.swift */; };
		07FA10F21E06F3ED00D1177B /* Assets.xcassets in Resources */ = {isa = PBXBuildFile; fileRef = 38503EA21D4781450089EC93 /* Assets.xcassets */; };
		07FA10F31E06F48500D1177B /* AppDelegate.swift in Sources */ = {isa = PBXBuildFile; fileRef = E0325AC41D5C803F00F3BAF4 /* AppDelegate.swift */; };
		07FB1430F67D55FC51890AB3 /* Pods_TemplateTests.framework in Frameworks */ = {isa = PBXBuildFile; fileRef = 03F1955EA3C4399129F59202 /* Pods_TemplateTests.framework */; };
		1A4452E45E508C16B30A605C /* Pods_Template.framework in Frameworks */ = {isa = PBXBuildFile; fileRef = 1CD6819A1818252A3E33C7E8 /* Pods_Template.framework */; };
/* End PBXBuildFile section */

/* Begin PBXContainerItemProxy section */
		07A7D75D1E56D58400D33992 /* PBXContainerItemProxy */ = {
			isa = PBXContainerItemProxy;
			containerPortal = 38503E621D477F580089EC93 /* Project object */;
			proxyType = 1;
			remoteGlobalIDString = 07FA10B01E06C64100D1177B;
			remoteInfo = Template;
		};
/* End PBXContainerItemProxy section */

/* Begin PBXCopyFilesBuildPhase section */
		074FBAF21F0A333B00CC01FF /* Embed Frameworks */ = {
			isa = PBXCopyFilesBuildPhase;
			buildActionMask = 2147483647;
			dstPath = "";
			dstSubfolderSpec = 10;
			files = (
			);
			name = "Embed Frameworks";
			runOnlyForDeploymentPostprocessing = 0;
		};
		0752D3141E66AF1C00F830E2 /* Embed App Extensions */ = {
			isa = PBXCopyFilesBuildPhase;
			buildActionMask = 2147483647;
			dstPath = "";
			dstSubfolderSpec = 13;
			files = (
			);
			name = "Embed App Extensions";
			runOnlyForDeploymentPostprocessing = 0;
		};
/* End PBXCopyFilesBuildPhase section */

/* Begin PBXFileReference section */
		03F1955EA3C4399129F59202 /* Pods_TemplateTests.framework */ = {isa = PBXFileReference; explicitFileType = wrapper.framework; includeInIndex = 0; path = Pods_TemplateTests.framework; sourceTree = BUILT_PRODUCTS_DIR; };
		0703975F1E20F4FB00856727 /* UIColor.swift */ = {isa = PBXFileReference; fileEncoding = 4; lastKnownFileType = sourcecode.swift; path = UIColor.swift; sourceTree = "<group>"; };
		070397661E210C2500856727 /* OperationCondition.swift */ = {isa = PBXFileReference; fileEncoding = 4; lastKnownFileType = sourcecode.swift; path = OperationCondition.swift; sourceTree = "<group>"; };
		0703976B1E210CDA00856727 /* RemoteNotificationCondition.swift */ = {isa = PBXFileReference; fileEncoding = 4; lastKnownFileType = sourcecode.swift; path = RemoteNotificationCondition.swift; sourceTree = "<group>"; };
		0707C6DA1F57FD6E005449B7 /* Crashlytics.framework */ = {isa = PBXFileReference; lastKnownFileType = wrapper.framework; path = Crashlytics.framework; sourceTree = "<group>"; };
		0707C6DB1F57FD6E005449B7 /* Fabric.framework */ = {isa = PBXFileReference; lastKnownFileType = wrapper.framework; path = Fabric.framework; sourceTree = "<group>"; };
		071DB1C51E3DCD9100034EE1 /* ParseJSONEarthquakes.swift */ = {isa = PBXFileReference; fileEncoding = 4; lastKnownFileType = sourcecode.swift; path = ParseJSONEarthquakes.swift; sourceTree = "<group>"; };
		07222C2A1E90DAA60024BE9B /* Template.entitlements */ = {isa = PBXFileReference; fileEncoding = 4; lastKnownFileType = text.plist.entitlements; name = Template.entitlements; path = Resources/Template.entitlements; sourceTree = SOURCE_ROOT; };
		0729FFE01E319855003CB630 /* DownloadEarthquakes.swift */ = {isa = PBXFileReference; fileEncoding = 4; lastKnownFileType = sourcecode.swift; lineEnding = 0; path = DownloadEarthquakes.swift; sourceTree = "<group>"; xcLanguageSpecificationIdentifier = xcode.lang.swift; };
		072A91601E1A4A610054C122 /* Config.plist */ = {isa = PBXFileReference; fileEncoding = 4; lastKnownFileType = text.plist.xml; path = Config.plist; sourceTree = "<group>"; };
		072F379B1E2DD6CE00262192 /* Keychain.swift */ = {isa = PBXFileReference; fileEncoding = 4; lastKnownFileType = sourcecode.swift; path = Keychain.swift; sourceTree = "<group>"; };
		072F379D1E2DD90900262192 /* EarthquakesTableViewController.swift */ = {isa = PBXFileReference; fileEncoding = 4; lastKnownFileType = sourcecode.swift; name = EarthquakesTableViewController.swift; path = Earthquakes/EarthquakesTableViewController.swift; sourceTree = "<group>"; };
		072F379E1E2DD90900262192 /* EarthquakeTableViewCell.swift */ = {isa = PBXFileReference; fileEncoding = 4; lastKnownFileType = sourcecode.swift; name = EarthquakeTableViewCell.swift; path = Earthquakes/EarthquakeTableViewCell.swift; sourceTree = "<group>"; };
		072F37A11E2DDA1D00262192 /* EarthquakeBaseController.swift */ = {isa = PBXFileReference; fileEncoding = 4; lastKnownFileType = sourcecode.swift; name = EarthquakeBaseController.swift; path = Earthquakes/EarthquakeBaseController.swift; sourceTree = "<group>"; };
		072F37A31E2DDA2B00262192 /* Earthquake.swift */ = {isa = PBXFileReference; fileEncoding = 4; lastKnownFileType = sourcecode.swift; path = Earthquake.swift; sourceTree = "<group>"; };
		072F37A91E2DDEC000262192 /* Earthquakes.xcdatamodel */ = {isa = PBXFileReference; lastKnownFileType = wrapper.xcdatamodel; path = Earthquakes.xcdatamodel; sourceTree = "<group>"; };
		072F37AF1E2DEC3900262192 /* AppController.swift */ = {isa = PBXFileReference; fileEncoding = 4; lastKnownFileType = sourcecode.swift; lineEnding = 0; name = AppController.swift; path = ../AppController.swift; sourceTree = "<group>"; xcLanguageSpecificationIdentifier = xcode.lang.swift; };
		072F75691E5D143C000A5E3C /* UINavigationController+UIProgressView.swift */ = {isa = PBXFileReference; fileEncoding = 4; lastKnownFileType = sourcecode.swift; path = "UINavigationController+UIProgressView.swift"; sourceTree = "<group>"; };
		072F756A1E5D143C000A5E3C /* ProgressBarIndeterminate.swift */ = {isa = PBXFileReference; fileEncoding = 4; lastKnownFileType = sourcecode.swift; path = ProgressBarIndeterminate.swift; sourceTree = "<group>"; };
		07359CD31E430F450078E854 /* BaseClassControllers.swift */ = {isa = PBXFileReference; fileEncoding = 4; lastKnownFileType = sourcecode.swift; path = BaseClassControllers.swift; sourceTree = "<group>"; };
		0735B2481E63EE62000EA664 /* en */ = {isa = PBXFileReference; lastKnownFileType = file.storyboard; name = en; path = LoginOnboarding.storyboard; sourceTree = "<group>"; };
		0735B24A1E63F192000EA664 /* LogInOnboardingController.swift */ = {isa = PBXFileReference; fileEncoding = 4; lastKnownFileType = sourcecode.swift; name = LogInOnboardingController.swift; path = ../LogInOnboardingController.swift; sourceTree = "<group>"; };
		0735B24C1E64F341000EA664 /* LoginOnboardingPageViewController.swift */ = {isa = PBXFileReference; fileEncoding = 4; lastKnownFileType = sourcecode.swift; path = LoginOnboardingPageViewController.swift; sourceTree = "<group>"; };
		07497E431E5697B0006A8F13 /* MoreInformation.swift */ = {isa = PBXFileReference; fileEncoding = 4; lastKnownFileType = sourcecode.swift; path = MoreInformation.swift; sourceTree = "<group>"; };
		074FBAC81F0A2F6D00CC01FF /* NetworkReachabilityManager.swift */ = {isa = PBXFileReference; lastKnownFileType = sourcecode.swift; path = NetworkReachabilityManager.swift; sourceTree = "<group>"; };
		074FBAF31F0A33EF00CC01FF /* EarthquakesTableViewCoordinator.swift */ = {isa = PBXFileReference; lastKnownFileType = sourcecode.swift; name = EarthquakesTableViewCoordinator.swift; path = Earthquakes/EarthquakesTableViewCoordinator.swift; sourceTree = "<group>"; };
		074FBAF41F0A349100CC01FF /* EarthquakeSectionHeaderView.swift */ = {isa = PBXFileReference; lastKnownFileType = sourcecode.swift; name = EarthquakeSectionHeaderView.swift; path = Earthquakes/EarthquakeSectionHeaderView.swift; sourceTree = "<group>"; };
		074FBAF71F0A365B00CC01FF /* BaseTableViewCoordinator.swift */ = {isa = PBXFileReference; lastKnownFileType = sourcecode.swift; path = BaseTableViewCoordinator.swift; sourceTree = "<group>"; };
		074FBAF91F0A3A3B00CC01FF /* Earthquakes 2.xcdatamodel */ = {isa = PBXFileReference; lastKnownFileType = wrapper.xcdatamodel; path = "Earthquakes 2.xcdatamodel"; sourceTree = "<group>"; };
		074FBAFA1F0A3B1900CC01FF /* Earthquakes 3.xcdatamodel */ = {isa = PBXFileReference; lastKnownFileType = wrapper.xcdatamodel; path = "Earthquakes 3.xcdatamodel"; sourceTree = "<group>"; };
		074FBAFB1F0A3B3B00CC01FF /* Earthquakes 4.xcdatamodel */ = {isa = PBXFileReference; lastKnownFileType = wrapper.xcdatamodel; path = "Earthquakes 4.xcdatamodel"; sourceTree = "<group>"; };
		074FBAFC1F0A3B9000CC01FF /* Earthquakes 5.xcdatamodel */ = {isa = PBXFileReference; lastKnownFileType = wrapper.xcdatamodel; path = "Earthquakes 5.xcdatamodel"; sourceTree = "<group>"; };
		0752D30A1E66AF1C00F830E2 /* NotificationService.swift */ = {isa = PBXFileReference; lastKnownFileType = sourcecode.swift; path = NotificationService.swift; sourceTree = "<group>"; };
		0752D30C1E66AF1C00F830E2 /* Info.plist */ = {isa = PBXFileReference; lastKnownFileType = text.plist.xml; path = Info.plist; sourceTree = "<group>"; };
		0763C02E1F243F5400E02C24 /* CLLocation.swift */ = {isa = PBXFileReference; lastKnownFileType = sourcecode.swift; path = CLLocation.swift; sourceTree = "<group>"; };
		0764592A1EADB45A006A93F1 /* NetworkStatusSlideDownView.swift */ = {isa = PBXFileReference; fileEncoding = 4; lastKnownFileType = sourcecode.swift; path = NetworkStatusSlideDownView.swift; sourceTree = "<group>"; };
		0764592D1EADC27C006A93F1 /* VarelaRound-Regular.ttf */ = {isa = PBXFileReference; lastKnownFileType = file; path = "VarelaRound-Regular.ttf"; sourceTree = "<group>"; };
		076944341F14B6620064204E /* Earthquakes 6.xcdatamodel */ = {isa = PBXFileReference; lastKnownFileType = wrapper.xcdatamodel; path = "Earthquakes 6.xcdatamodel"; sourceTree = "<group>"; };
		0769C9091E22574800F4D604 /* UserNotificationCondition.swift */ = {isa = PBXFileReference; fileEncoding = 4; lastKnownFileType = sourcecode.swift; path = UserNotificationCondition.swift; sourceTree = "<group>"; };
		0771E0451E67CDAE0045CEE9 /* notificationServiceExtension.entitlements */ = {isa = PBXFileReference; lastKnownFileType = text.plist.entitlements; path = notificationServiceExtension.entitlements; sourceTree = "<group>"; };
		0771E0461E67CDB90045CEE9 /* MapKit.framework */ = {isa = PBXFileReference; lastKnownFileType = wrapper.framework; name = MapKit.framework; path = System/Library/Frameworks/MapKit.framework; sourceTree = SDKROOT; };
		078096551EDD975C00CFB2A3 /* SystemConfiguration.framework */ = {isa = PBXFileReference; lastKnownFileType = wrapper.framework; name = SystemConfiguration.framework; path = System/Library/Frameworks/SystemConfiguration.framework; sourceTree = SDKROOT; };
		078F265A1F1F2F5400C93832 /* README.md */ = {isa = PBXFileReference; lastKnownFileType = net.daringfireball.markdown; name = README.md; path = ../README.md; sourceTree = "<group>"; };
		07A7D7501E56BE6100D33992 /* UIViewController.swift */ = {isa = PBXFileReference; fileEncoding = 4; lastKnownFileType = sourcecode.swift; path = UIViewController.swift; sourceTree = "<group>"; };
		07A7D7581E56D58400D33992 /* TemplateTests.xctest */ = {isa = PBXFileReference; explicitFileType = wrapper.cfbundle; includeInIndex = 0; path = TemplateTests.xctest; sourceTree = BUILT_PRODUCTS_DIR; };
		07A7D7631E56DE4400D33992 /* earthquakes.json */ = {isa = PBXFileReference; fileEncoding = 4; lastKnownFileType = text.json; path = earthquakes.json; sourceTree = "<group>"; };
		07C985E21E2C77CB00AD0635 /* LoadEarthquakeModel.swift */ = {isa = PBXFileReference; fileEncoding = 4; lastKnownFileType = sourcecode.swift; path = LoadEarthquakeModel.swift; sourceTree = "<group>"; };
		07C985E41E2C7B1E00AD0635 /* GetLatestEarthquakes.swift */ = {isa = PBXFileReference; fileEncoding = 4; lastKnownFileType = sourcecode.swift; path = GetLatestEarthquakes.swift; sourceTree = "<group>"; };
		07D5A75C1E1D56F900B33D18 /* Template-Bridging-Header.h */ = {isa = PBXFileReference; fileEncoding = 4; lastKnownFileType = sourcecode.c.h; path = "Template-Bridging-Header.h"; sourceTree = "<group>"; };
		07DA49651E1E1B8B00FA9A6E /* Template.app */ = {isa = PBXFileReference; explicitFileType = wrapper.application; includeInIndex = 0; path = Template.app; sourceTree = BUILT_PRODUCTS_DIR; };
		07DA49681E1E1C4100FA9A6E /* atomics.h */ = {isa = PBXFileReference; fileEncoding = 4; lastKnownFileType = sourcecode.c.h; path = atomics.h; sourceTree = "<group>"; };
		07DA496A1E1E1D0400FA9A6E /* atomics.m */ = {isa = PBXFileReference; fileEncoding = 4; lastKnownFileType = sourcecode.c.objc; path = atomics.m; sourceTree = "<group>"; };
		07DA496F1E1E1DF500FA9A6E /* en */ = {isa = PBXFileReference; lastKnownFileType = file.storyboard; name = en; path = LaunchScreen.storyboard; sourceTree = "<group>"; };
		07DA49711E1E1DF500FA9A6E /* en */ = {isa = PBXFileReference; lastKnownFileType = file.storyboard; name = en; path = SignedIn.storyboard; sourceTree = "<group>"; };
		07DA49791E1F9AAF00FA9A6E /* MemoryResourceTracking.swift */ = {isa = PBXFileReference; fileEncoding = 4; lastKnownFileType = sourcecode.swift; path = MemoryResourceTracking.swift; sourceTree = "<group>"; };
		07DA499F1E1FB0C500FA9A6E /* TemplateUITests.swift */ = {isa = PBXFileReference; lastKnownFileType = sourcecode.swift; path = TemplateUITests.swift; sourceTree = "<group>"; };
		07DA49A11E1FB0C500FA9A6E /* Info.plist */ = {isa = PBXFileReference; lastKnownFileType = text.plist.xml; path = Info.plist; sourceTree = "<group>"; };
		07DA49AD1E1FB2BC00FA9A6E /* TemplateTests.swift */ = {isa = PBXFileReference; lastKnownFileType = sourcecode.swift; path = TemplateTests.swift; sourceTree = "<group>"; };
		07DA49AF1E1FB2BC00FA9A6E /* Info.plist */ = {isa = PBXFileReference; lastKnownFileType = text.plist.xml; path = Info.plist; sourceTree = "<group>"; };
		07EF1BA41E7E7980006ED396 /* EditableEarthquakepoint.swift */ = {isa = PBXFileReference; fileEncoding = 4; lastKnownFileType = sourcecode.swift; name = EditableEarthquakepoint.swift; path = Earthquakes/EditableEarthquakepoint.swift; sourceTree = "<group>"; };
		07EF1BA61E7E7A80006ED396 /* String.swift */ = {isa = PBXFileReference; fileEncoding = 4; lastKnownFileType = sourcecode.swift; path = String.swift; sourceTree = "<group>"; };
		07FA10E51E06E4E000D1177B /* Fabric.framework */ = {isa = PBXFileReference; lastKnownFileType = wrapper.framework; path = Fabric.framework; sourceTree = "<group>"; };
		07FA10E61E06E4E000D1177B /* Crashlytics.framework */ = {isa = PBXFileReference; lastKnownFileType = wrapper.framework; path = Crashlytics.framework; sourceTree = "<group>"; };
		0FCD6B64FB6096E3A9225A23 /* Pods-Template.release.xcconfig */ = {isa = PBXFileReference; includeInIndex = 1; lastKnownFileType = text.xcconfig; name = "Pods-Template.release.xcconfig"; path = "../Pods/Target Support Files/Pods-Template/Pods-Template.release.xcconfig"; sourceTree = "<group>"; };
		1CD6819A1818252A3E33C7E8 /* Pods_Template.framework */ = {isa = PBXFileReference; explicitFileType = wrapper.framework; includeInIndex = 0; path = Pods_Template.framework; sourceTree = BUILT_PRODUCTS_DIR; };
		38503EA21D4781450089EC93 /* Assets.xcassets */ = {isa = PBXFileReference; lastKnownFileType = folder.assetcatalog; path = Assets.xcassets; sourceTree = "<group>"; };
		38652C391D47A9360006F4DC /* Crashlytics.sh */ = {isa = PBXFileReference; lastKnownFileType = text.script.sh; path = Crashlytics.sh; sourceTree = "<group>"; };
		38652C4E1D47AE550006F4DC /* Config.plist */ = {isa = PBXFileReference; fileEncoding = 4; lastKnownFileType = text.plist.xml; path = Config.plist; sourceTree = "<group>"; };
		38B3265B1D6E440E00D55C29 /* Settings.bundle */ = {isa = PBXFileReference; lastKnownFileType = "wrapper.plug-in"; path = Settings.bundle; sourceTree = "<group>"; };
		7AF6130B74CE052E9825CD15 /* Pods-Template.ad-hoc.xcconfig */ = {isa = PBXFileReference; includeInIndex = 1; lastKnownFileType = text.xcconfig; name = "Pods-Template.ad-hoc.xcconfig"; path = "../Pods/Target Support Files/Pods-Template/Pods-Template.ad-hoc.xcconfig"; sourceTree = "<group>"; };
		7FBE748E242E47F4FCB11E93 /* Pods-TemplateTests.release.xcconfig */ = {isa = PBXFileReference; includeInIndex = 1; lastKnownFileType = text.xcconfig; name = "Pods-TemplateTests.release.xcconfig"; path = "../Pods/Target Support Files/Pods-TemplateTests/Pods-TemplateTests.release.xcconfig"; sourceTree = "<group>"; };
		92557CB700701935D3B4920A /* Pods-TemplateTests.ad-hoc.xcconfig */ = {isa = PBXFileReference; includeInIndex = 1; lastKnownFileType = text.xcconfig; name = "Pods-TemplateTests.ad-hoc.xcconfig"; path = "../Pods/Target Support Files/Pods-TemplateTests/Pods-TemplateTests.ad-hoc.xcconfig"; sourceTree = "<group>"; };
		DF5C104DD346C6962B04A6CA /* Pods-TemplateTests.debug.xcconfig */ = {isa = PBXFileReference; includeInIndex = 1; lastKnownFileType = text.xcconfig; name = "Pods-TemplateTests.debug.xcconfig"; path = "../Pods/Target Support Files/Pods-TemplateTests/Pods-TemplateTests.debug.xcconfig"; sourceTree = "<group>"; };
		E0325AC41D5C803F00F3BAF4 /* AppDelegate.swift */ = {isa = PBXFileReference; fileEncoding = 4; lastKnownFileType = sourcecode.swift; name = AppDelegate.swift; path = ../Source_iOS/AppDelegate.swift; sourceTree = SOURCE_ROOT; };
		E0EB02D91D48DAE600A73147 /* Graphik-Bold.otf */ = {isa = PBXFileReference; lastKnownFileType = file; path = "Graphik-Bold.otf"; sourceTree = "<group>"; };
		E0EB02DA1D48DAE600A73147 /* Graphik-Light.otf */ = {isa = PBXFileReference; lastKnownFileType = file; path = "Graphik-Light.otf"; sourceTree = "<group>"; };
		E0EB02DB1D48DAE600A73147 /* Graphik-Medium.otf */ = {isa = PBXFileReference; lastKnownFileType = file; path = "Graphik-Medium.otf"; sourceTree = "<group>"; };
		E0EB02DC1D48DAE600A73147 /* Graphik-Regular.otf */ = {isa = PBXFileReference; lastKnownFileType = file; path = "Graphik-Regular.otf"; sourceTree = "<group>"; };
		E0EB02DD1D48DAE600A73147 /* Graphik-Thin.otf */ = {isa = PBXFileReference; lastKnownFileType = file; path = "Graphik-Thin.otf"; sourceTree = "<group>"; };
		E94B878E1DA7A43500E66730 /* AVFoundation.framework */ = {isa = PBXFileReference; lastKnownFileType = wrapper.framework; name = AVFoundation.framework; path = System/Library/Frameworks/AVFoundation.framework; sourceTree = SDKROOT; };
		FE41E1B38EA6C1A098895031 /* Pods-Template.debug.xcconfig */ = {isa = PBXFileReference; includeInIndex = 1; lastKnownFileType = text.xcconfig; name = "Pods-Template.debug.xcconfig"; path = "../Pods/Target Support Files/Pods-Template/Pods-Template.debug.xcconfig"; sourceTree = "<group>"; };
/* End PBXFileReference section */

/* Begin PBXFrameworksBuildPhase section */
		07A7D7551E56D58400D33992 /* Frameworks */ = {
			isa = PBXFrameworksBuildPhase;
			buildActionMask = 2147483647;
			files = (
				07FB1430F67D55FC51890AB3 /* Pods_TemplateTests.framework in Frameworks */,
			);
			runOnlyForDeploymentPostprocessing = 0;
		};
		07FA10AE1E06C64100D1177B /* Frameworks */ = {
			isa = PBXFrameworksBuildPhase;
			buildActionMask = 2147483647;
			files = (
				1A4452E45E508C16B30A605C /* Pods_Template.framework in Frameworks */,
			);
			runOnlyForDeploymentPostprocessing = 0;
		};
/* End PBXFrameworksBuildPhase section */

/* Begin PBXGroup section */
		070397611E21018900856727 /* User Interface */ = {
			isa = PBXGroup;
			children = (
				070397621E21019A00856727 /* Controllers */,
				076459291EADB419006A93F1 /* Views */,
			);
			path = "User Interface";
			sourceTree = "<group>";
		};
		070397621E21019A00856727 /* Controllers */ = {
			isa = PBXGroup;
			children = (
				070397631E2101F500856727 /* LogOut */,
				070397641E2101F500856727 /* Onboarding */,
				070397651E2101F500856727 /* SignedIn */,
			);
			path = Controllers;
			sourceTree = "<group>";
		};
		070397631E2101F500856727 /* LogOut */ = {
			isa = PBXGroup;
			children = (
			);
			path = LogOut;
			sourceTree = "<group>";
		};
		070397641E2101F500856727 /* Onboarding */ = {
			isa = PBXGroup;
			children = (
				0735B24A1E63F192000EA664 /* LogInOnboardingController.swift */,
				0735B24C1E64F341000EA664 /* LoginOnboardingPageViewController.swift */,
			);
			path = Onboarding;
			sourceTree = "<group>";
		};
		070397651E2101F500856727 /* SignedIn */ = {
			isa = PBXGroup;
			children = (
				072F37AF1E2DEC3900262192 /* AppController.swift */,
				072F379D1E2DD90900262192 /* EarthquakesTableViewController.swift */,
				074FBAF31F0A33EF00CC01FF /* EarthquakesTableViewCoordinator.swift */,
				074FBAF41F0A349100CC01FF /* EarthquakeSectionHeaderView.swift */,
				072F379E1E2DD90900262192 /* EarthquakeTableViewCell.swift */,
				072F37A11E2DDA1D00262192 /* EarthquakeBaseController.swift */,
				07EF1BA41E7E7980006ED396 /* EditableEarthquakepoint.swift */,
			);
			path = SignedIn;
			sourceTree = "<group>";
		};
		070397681E210C8100856727 /* ProcedureKit Conditions */ = {
			isa = PBXGroup;
			children = (
				0769C8F61E22572600F4D604 /* Features */,
				0769C90B1E226ACC00F4D604 /* old but keep for now */,
			);
			name = "ProcedureKit Conditions";
			path = "../Extensions/ProcedureKit Conditions";
			sourceTree = "<group>";
		};
		0707C6D91F57FD6E005449B7 /* Frameworks */ = {
			isa = PBXGroup;
			children = (
				0707C6DA1F57FD6E005449B7 /* Crashlytics.framework */,
				0707C6DB1F57FD6E005449B7 /* Fabric.framework */,
			);
			path = Frameworks;
			sourceTree = "<group>";
		};
		072F37A71E2DDEC000262192 /* Core Data */ = {
			isa = PBXGroup;
			children = (
				072F37A81E2DDEC000262192 /* Earthquakes.xcdatamodeld */,
			);
			path = "Core Data";
			sourceTree = "<group>";
		};
		0752D3091E66AF1C00F830E2 /* notificationServiceExtension */ = {
			isa = PBXGroup;
			children = (
				0771E0451E67CDAE0045CEE9 /* notificationServiceExtension.entitlements */,
				0752D30A1E66AF1C00F830E2 /* NotificationService.swift */,
				0752D30C1E66AF1C00F830E2 /* Info.plist */,
			);
			path = notificationServiceExtension;
			sourceTree = "<group>";
		};
		076459291EADB419006A93F1 /* Views */ = {
			isa = PBXGroup;
			children = (
				0764592A1EADB45A006A93F1 /* NetworkStatusSlideDownView.swift */,
			);
			path = Views;
			sourceTree = "<group>";
		};
		0764592C1EADC27C006A93F1 /* fonts */ = {
			isa = PBXGroup;
			children = (
				0764592D1EADC27C006A93F1 /* VarelaRound-Regular.ttf */,
			);
			path = fonts;
			sourceTree = "<group>";
		};
		0769C8F61E22572600F4D604 /* Features */ = {
			isa = PBXGroup;
			children = (
				0769C8F71E22572600F4D604 /* iOS */,
			);
			path = Features;
			sourceTree = "<group>";
		};
		0769C8F71E22572600F4D604 /* iOS */ = {
			isa = PBXGroup;
			children = (
				0769C9091E22574800F4D604 /* UserNotificationCondition.swift */,
			);
			path = iOS;
			sourceTree = "<group>";
		};
		0769C90B1E226ACC00F4D604 /* old but keep for now */ = {
			isa = PBXGroup;
			children = (
				070397661E210C2500856727 /* OperationCondition.swift */,
				0703976B1E210CDA00856727 /* RemoteNotificationCondition.swift */,
			);
			name = "old but keep for now";
			sourceTree = "<group>";
		};
		07DA49691E1E1C4A00FA9A6E /* Objective-C Bridging Files */ = {
			isa = PBXGroup;
			children = (
				07DA49681E1E1C4100FA9A6E /* atomics.h */,
				07DA496A1E1E1D0400FA9A6E /* atomics.m */,
			);
			name = "Objective-C Bridging Files";
			path = "Template-iOS/Objective-C Bridging Files";
			sourceTree = "<group>";
		};
		07DA496D1E1E1DF500FA9A6E /* en.lproj */ = {
			isa = PBXGroup;
			children = (
				07DA496E1E1E1DF500FA9A6E /* LaunchScreen.storyboard */,
				0735B2471E63EE62000EA664 /* LoginOnboarding.storyboard */,
				07DA49701E1E1DF500FA9A6E /* SignedIn.storyboard */,
			);
			name = en.lproj;
			path = "Template-iOS/en.lproj";
			sourceTree = "<group>";
		};
		07DA49741E1E1F8800FA9A6E /* Products */ = {
			isa = PBXGroup;
			children = (
				07DA49651E1E1B8B00FA9A6E /* Template.app */,
			);
			name = Products;
			sourceTree = "<group>";
		};
		07DA49781E1F9A9200FA9A6E /* Swift Structures and Protocol */ = {
			isa = PBXGroup;
			children = (
				07DA49791E1F9AAF00FA9A6E /* MemoryResourceTracking.swift */,
				070397681E210C8100856727 /* ProcedureKit Conditions */,
			);
			name = "Swift Structures and Protocol";
			path = "Swift Structures and Protocols";
			sourceTree = "<group>";
		};
		07DA499E1E1FB0C500FA9A6E /* TemplateUITests */ = {
			isa = PBXGroup;
			children = (
				07DA499F1E1FB0C500FA9A6E /* TemplateUITests.swift */,
				07DA49A11E1FB0C500FA9A6E /* Info.plist */,
			);
			path = TemplateUITests;
			sourceTree = "<group>";
		};
		07DA49AC1E1FB2BC00FA9A6E /* TemplateTests */ = {
			isa = PBXGroup;
			children = (
				07A7D7631E56DE4400D33992 /* earthquakes.json */,
				07DA49AD1E1FB2BC00FA9A6E /* TemplateTests.swift */,
				07DA49AF1E1FB2BC00FA9A6E /* Info.plist */,
			);
			path = TemplateTests;
			sourceTree = "<group>";
		};
		38503E611D477F580089EC93 = {
			isa = PBXGroup;
			children = (
				078F265A1F1F2F5400C93832 /* README.md */,
				E0325AC21D5C803F00F3BAF4 /* Source_iOS */,
				38503EB81D47816F0089EC93 /* Project Files */,
				38503E9F1D4781450089EC93 /* Resources */,
				38652C381D47A9280006F4DC /* Scripts */,
				07DA49AC1E1FB2BC00FA9A6E /* TemplateTests */,
				07DA499E1E1FB0C500FA9A6E /* TemplateUITests */,
				0752D3091E66AF1C00F830E2 /* notificationServiceExtension */,
				07DA49741E1E1F8800FA9A6E /* Products */,
				07A7D7581E56D58400D33992 /* TemplateTests.xctest */,
				E0423D641D8AF8BF0031D0D5 /* Frameworks */,
				D7BB0433A87CC405A6DDBCFA /* Pods */,
			);
			sourceTree = "<group>";
			usesTabs = 1;
		};
		38503E9F1D4781450089EC93 /* Resources */ = {
			isa = PBXGroup;
			children = (
				07222C2A1E90DAA60024BE9B /* Template.entitlements */,
				38503EA11D4781450089EC93 /* General */,
				38503EA01D4781450089EC93 /* Development */,
				38503EA31D4781450089EC93 /* Release */,
				0764592C1EADC27C006A93F1 /* fonts */,
			);
			path = Resources;
			sourceTree = "<group>";
		};
		38503EA01D4781450089EC93 /* Development */ = {
			isa = PBXGroup;
			children = (
				38652C4E1D47AE550006F4DC /* Config.plist */,
			);
			path = Development;
			sourceTree = "<group>";
		};
		38503EA11D4781450089EC93 /* General */ = {
			isa = PBXGroup;
			children = (
				38503EA21D4781450089EC93 /* Assets.xcassets */,
				E0EB02D81D48DAE600A73147 /* Fonts */,
				38B3265B1D6E440E00D55C29 /* Settings.bundle */,
			);
			path = General;
			sourceTree = "<group>";
		};
		38503EA31D4781450089EC93 /* Release */ = {
			isa = PBXGroup;
			children = (
				072A91601E1A4A610054C122 /* Config.plist */,
			);
			path = Release;
			sourceTree = "<group>";
		};
		38503EB81D47816F0089EC93 /* Project Files */ = {
			isa = PBXGroup;
			children = (
				07D5A75C1E1D56F900B33D18 /* Template-Bridging-Header.h */,
				0707C6D91F57FD6E005449B7 /* Frameworks */,
				07DA49691E1E1C4A00FA9A6E /* Objective-C Bridging Files */,
				07DA496D1E1E1DF500FA9A6E /* en.lproj */,
			);
			name = "Project Files";
			sourceTree = "<group>";
		};
		38652C381D47A9280006F4DC /* Scripts */ = {
			isa = PBXGroup;
			children = (
				38652C391D47A9360006F4DC /* Crashlytics.sh */,
			);
			name = Scripts;
			path = ../Scripts;
			sourceTree = "<group>";
		};
		38F30AE81D62FF61006D8E94 /* API */ = {
			isa = PBXGroup;
			children = (
				07C985E41E2C7B1E00AD0635 /* GetLatestEarthquakes.swift */,
				0729FFE01E319855003CB630 /* DownloadEarthquakes.swift */,
				071DB1C51E3DCD9100034EE1 /* ParseJSONEarthquakes.swift */,
				07497E431E5697B0006A8F13 /* MoreInformation.swift */,
			);
			path = API;
			sourceTree = "<group>";
		};
		D7BB0433A87CC405A6DDBCFA /* Pods */ = {
			isa = PBXGroup;
			children = (
				FE41E1B38EA6C1A098895031 /* Pods-Template.debug.xcconfig */,
				0FCD6B64FB6096E3A9225A23 /* Pods-Template.release.xcconfig */,
				7AF6130B74CE052E9825CD15 /* Pods-Template.ad-hoc.xcconfig */,
				DF5C104DD346C6962B04A6CA /* Pods-TemplateTests.debug.xcconfig */,
				7FBE748E242E47F4FCB11E93 /* Pods-TemplateTests.release.xcconfig */,
				92557CB700701935D3B4920A /* Pods-TemplateTests.ad-hoc.xcconfig */,
			);
			name = Pods;
			sourceTree = "<group>";
		};
		E0325AC21D5C803F00F3BAF4 /* Source_iOS */ = {
			isa = PBXGroup;
			children = (
				E0325AC41D5C803F00F3BAF4 /* AppDelegate.swift */,
				070397611E21018900856727 /* User Interface */,
				E06DC7281D66DD7E00433524 /* Extensions */,
				38F30AE81D62FF61006D8E94 /* API */,
				E0325AC51D5C803F00F3BAF4 /* Model */,
				07DA49781E1F9A9200FA9A6E /* Swift Structures and Protocol */,
			);
			name = Source_iOS;
			path = ../Source_iOS;
			sourceTree = "<group>";
		};
		E0325AC51D5C803F00F3BAF4 /* Model */ = {
			isa = PBXGroup;
			children = (
				072F37A31E2DDA2B00262192 /* Earthquake.swift */,
				07C985E21E2C77CB00AD0635 /* LoadEarthquakeModel.swift */,
				072F37A71E2DDEC000262192 /* Core Data */,
			);
			path = Model;
			sourceTree = "<group>";
		};
		E0423D641D8AF8BF0031D0D5 /* Frameworks */ = {
			isa = PBXGroup;
			children = (
				078096551EDD975C00CFB2A3 /* SystemConfiguration.framework */,
				0771E0461E67CDB90045CEE9 /* MapKit.framework */,
				E94B878E1DA7A43500E66730 /* AVFoundation.framework */,
				07FA10E61E06E4E000D1177B /* Crashlytics.framework */,
				07FA10E51E06E4E000D1177B /* Fabric.framework */,
				1CD6819A1818252A3E33C7E8 /* Pods_Template.framework */,
				03F1955EA3C4399129F59202 /* Pods_TemplateTests.framework */,
			);
			path = Frameworks;
			sourceTree = "<group>";
		};
		E06DC7281D66DD7E00433524 /* Extensions */ = {
			isa = PBXGroup;
			children = (
				0703975F1E20F4FB00856727 /* UIColor.swift */,
				072F379B1E2DD6CE00262192 /* Keychain.swift */,
				07359CD31E430F450078E854 /* BaseClassControllers.swift */,
				074FBAF71F0A365B00CC01FF /* BaseTableViewCoordinator.swift */,
				072F756A1E5D143C000A5E3C /* ProgressBarIndeterminate.swift */,
				072F75691E5D143C000A5E3C /* UINavigationController+UIProgressView.swift */,
				07A7D7501E56BE6100D33992 /* UIViewController.swift */,
				07EF1BA61E7E7A80006ED396 /* String.swift */,
				074FBAC81F0A2F6D00CC01FF /* NetworkReachabilityManager.swift */,
				0763C02E1F243F5400E02C24 /* CLLocation.swift */,
			);
			path = Extensions;
			sourceTree = "<group>";
		};
		E0EB02D81D48DAE600A73147 /* Fonts */ = {
			isa = PBXGroup;
			children = (
				E0EB02D91D48DAE600A73147 /* Graphik-Bold.otf */,
				E0EB02DA1D48DAE600A73147 /* Graphik-Light.otf */,
				E0EB02DB1D48DAE600A73147 /* Graphik-Medium.otf */,
				E0EB02DC1D48DAE600A73147 /* Graphik-Regular.otf */,
				E0EB02DD1D48DAE600A73147 /* Graphik-Thin.otf */,
			);
			path = Fonts;
			sourceTree = "<group>";
		};
/* End PBXGroup section */

/* Begin PBXNativeTarget section */
		07A7D7571E56D58400D33992 /* TemplateTests */ = {
			isa = PBXNativeTarget;
			buildConfigurationList = 07A7D75F1E56D58400D33992 /* Build configuration list for PBXNativeTarget "TemplateTests" */;
			buildPhases = (
				6E99F161D71B8A47661AD742 /* [CP] Check Pods Manifest.lock */,
				07A7D7541E56D58400D33992 /* Sources */,
				07A7D7551E56D58400D33992 /* Frameworks */,
				07A7D7561E56D58400D33992 /* Resources */,
				A151C6B4900E4C963AA4263E /* [CP] Embed Pods Frameworks */,
				9201360C3C6AD766FA1CF3C0 /* [CP] Copy Pods Resources */,
			);
			buildRules = (
			);
			dependencies = (
				07A7D75E1E56D58400D33992 /* PBXTargetDependency */,
			);
			name = TemplateTests;
			productName = TemplateTests;
			productReference = 07A7D7581E56D58400D33992 /* TemplateTests.xctest */;
			productType = "com.apple.product-type.bundle.unit-test";
		};
		07FA10B01E06C64100D1177B /* Template */ = {
			isa = PBXNativeTarget;
			buildConfigurationList = 07FA10DC1E06C64200D1177B /* Build configuration list for PBXNativeTarget "Template" */;
			buildPhases = (
				C0E1FF2CA13A3E40BE3DA9A2 /* [CP] Check Pods Manifest.lock */,
				07FA10AD1E06C64100D1177B /* Sources */,
				07FA10AE1E06C64100D1177B /* Frameworks */,
				07FA10AF1E06C64100D1177B /* Resources */,
				072A91621E1A4DDE0054C122 /* Crashlytics */,
				0752D3141E66AF1C00F830E2 /* Embed App Extensions */,
				074FBAF21F0A333B00CC01FF /* Embed Frameworks */,
				3EE4AC954AB87D8137E8881F /* [CP] Embed Pods Frameworks */,
				F1711ED54CFF0631B56377F9 /* [CP] Copy Pods Resources */,
			);
			buildRules = (
			);
			dependencies = (
			);
			name = Template;
			productName = "Template-iOS";
			productReference = 07DA49651E1E1B8B00FA9A6E /* Template.app */;
			productType = "com.apple.product-type.application";
		};
/* End PBXNativeTarget section */

/* Begin PBXProject section */
		38503E621D477F580089EC93 /* Project object */ = {
			isa = PBXProject;
			attributes = {
				LastSwiftUpdateCheck = 0820;
				LastUpgradeCheck = 0900;
				ORGANIZATIONNAME = "Stephen McIntosh";
				TargetAttributes = {
					07A7D7571E56D58400D33992 = {
						CreatedOnToolsVersion = 8.2.1;
						LastSwiftMigration = 0900;
						ProvisioningStyle = Automatic;
						TestTargetID = 07FA10B01E06C64100D1177B;
					};
					07FA10B01E06C64100D1177B = {
						CreatedOnToolsVersion = 8.2;
						LastSwiftMigration = 0900;
						ProvisioningStyle = Automatic;
						SystemCapabilities = {
							com.apple.BackgroundModes = {
								enabled = 1;
							};
							com.apple.Push = {
								enabled = 1;
							};
						};
					};
				};
			};
			buildConfigurationList = 38503E651D477F580089EC93 /* Build configuration list for PBXProject "Template" */;
			compatibilityVersion = "Xcode 8.0";
			developmentRegion = English;
			hasScannedForEncodings = 0;
			knownRegions = (
				Base,
				en,
			);
			mainGroup = 38503E611D477F580089EC93;
			productRefGroup = 38503E611D477F580089EC93;
			projectDirPath = "";
			projectRoot = "";
			targets = (
				07FA10B01E06C64100D1177B /* Template */,
				07A7D7571E56D58400D33992 /* TemplateTests */,
			);
		};
/* End PBXProject section */

/* Begin PBXResourcesBuildPhase section */
		07A7D7561E56D58400D33992 /* Resources */ = {
			isa = PBXResourcesBuildPhase;
			buildActionMask = 2147483647;
			files = (
				0742555A1F5A3591007B74FE /* earthquakes.json in Resources */,
			);
			runOnlyForDeploymentPostprocessing = 0;
		};
		07FA10AF1E06C64100D1177B /* Resources */ = {
			isa = PBXResourcesBuildPhase;
			buildActionMask = 2147483647;
			files = (
				07222C2B1E90DC090024BE9B /* Template.entitlements in Resources */,
				072F37B11E2DED0E00262192 /* Earthquakes.xcdatamodeld in Resources */,
				07DA49721E1E1DF500FA9A6E /* LaunchScreen.storyboard in Resources */,
				07DA49731E1E1DF500FA9A6E /* SignedIn.storyboard in Resources */,
				07569BE01E0FDE6300D36893 /* Graphik-Bold.otf in Resources */,
				07569BE11E0FDE6300D36893 /* Graphik-Light.otf in Resources */,
				0735B2491E63EE62000EA664 /* LoginOnboarding.storyboard in Resources */,
				07569BE21E0FDE6300D36893 /* Graphik-Medium.otf in Resources */,
				07569BE31E0FDE6300D36893 /* Graphik-Regular.otf in Resources */,
				07569BE41E0FDE6300D36893 /* Graphik-Thin.otf in Resources */,
				07569BDF1E0FDE4A00D36893 /* Settings.bundle in Resources */,
				0764592E1EADC27C006A93F1 /* VarelaRound-Regular.ttf in Resources */,
				072A91351E19D62D0054C122 /* Config.plist in Resources */,
				07FA10F21E06F3ED00D1177B /* Assets.xcassets in Resources */,
			);
			runOnlyForDeploymentPostprocessing = 0;
		};
/* End PBXResourcesBuildPhase section */

/* Begin PBXShellScriptBuildPhase section */
		072A91621E1A4DDE0054C122 /* Crashlytics */ = {
			isa = PBXShellScriptBuildPhase;
			buildActionMask = 2147483647;
			files = (
			);
			inputPaths = (
			);
			name = Crashlytics;
			outputPaths = (
			);
			runOnlyForDeploymentPostprocessing = 0;
			shellPath = /bin/sh;
			shellScript = "#./Frameworks/Fabric.framework/run fa101df80a3cb9460aa4a96ce38e3f9057c962ec f44c7eca066c1db16391164875dcdb6c2eaaeacaebc526e910183575aabd2479";
		};
		3EE4AC954AB87D8137E8881F /* [CP] Embed Pods Frameworks */ = {
			isa = PBXShellScriptBuildPhase;
			buildActionMask = 2147483647;
			files = (
			);
			inputPaths = (
			);
			name = "[CP] Embed Pods Frameworks";
			outputPaths = (
			);
			runOnlyForDeploymentPostprocessing = 0;
			shellPath = /bin/sh;
			shellScript = "\"${SRCROOT}/../Pods/Target Support Files/Pods-Template/Pods-Template-frameworks.sh\"\n";
			showEnvVarsInLog = 0;
		};
		6E99F161D71B8A47661AD742 /* [CP] Check Pods Manifest.lock */ = {
			isa = PBXShellScriptBuildPhase;
			buildActionMask = 2147483647;
			files = (
			);
			inputPaths = (
			);
			name = "[CP] Check Pods Manifest.lock";
			outputPaths = (
			);
			runOnlyForDeploymentPostprocessing = 0;
			shellPath = /bin/sh;
			shellScript = "diff \"${PODS_PODFILE_DIR_PATH}/Podfile.lock\" \"${PODS_ROOT}/Manifest.lock\" > /dev/null\nif [ $? != 0 ] ; then\n    # print error to STDERR\n    echo \"error: The sandbox is not in sync with the Podfile.lock. Run 'pod install' or update your CocoaPods installation.\" >&2\n    exit 1\nfi\n";
			showEnvVarsInLog = 0;
		};
		9201360C3C6AD766FA1CF3C0 /* [CP] Copy Pods Resources */ = {
			isa = PBXShellScriptBuildPhase;
			buildActionMask = 2147483647;
			files = (
			);
			inputPaths = (
			);
			name = "[CP] Copy Pods Resources";
			outputPaths = (
			);
			runOnlyForDeploymentPostprocessing = 0;
			shellPath = /bin/sh;
			shellScript = "\"${SRCROOT}/../Pods/Target Support Files/Pods-TemplateTests/Pods-TemplateTests-resources.sh\"\n";
			showEnvVarsInLog = 0;
		};
		A151C6B4900E4C963AA4263E /* [CP] Embed Pods Frameworks */ = {
			isa = PBXShellScriptBuildPhase;
			buildActionMask = 2147483647;
			files = (
			);
			inputPaths = (
			);
			name = "[CP] Embed Pods Frameworks";
			outputPaths = (
			);
			runOnlyForDeploymentPostprocessing = 0;
			shellPath = /bin/sh;
			shellScript = "\"${SRCROOT}/../Pods/Target Support Files/Pods-TemplateTests/Pods-TemplateTests-frameworks.sh\"\n";
			showEnvVarsInLog = 0;
		};
		C0E1FF2CA13A3E40BE3DA9A2 /* [CP] Check Pods Manifest.lock */ = {
			isa = PBXShellScriptBuildPhase;
			buildActionMask = 2147483647;
			files = (
			);
			inputPaths = (
			);
			name = "[CP] Check Pods Manifest.lock";
			outputPaths = (
			);
			runOnlyForDeploymentPostprocessing = 0;
			shellPath = /bin/sh;
			shellScript = "diff \"${PODS_PODFILE_DIR_PATH}/Podfile.lock\" \"${PODS_ROOT}/Manifest.lock\" > /dev/null\nif [ $? != 0 ] ; then\n    # print error to STDERR\n    echo \"error: The sandbox is not in sync with the Podfile.lock. Run 'pod install' or update your CocoaPods installation.\" >&2\n    exit 1\nfi\n";
			showEnvVarsInLog = 0;
		};
		F1711ED54CFF0631B56377F9 /* [CP] Copy Pods Resources */ = {
			isa = PBXShellScriptBuildPhase;
			buildActionMask = 2147483647;
			files = (
			);
			inputPaths = (
			);
			name = "[CP] Copy Pods Resources";
			outputPaths = (
			);
			runOnlyForDeploymentPostprocessing = 0;
			shellPath = /bin/sh;
			shellScript = "\"${SRCROOT}/../Pods/Target Support Files/Pods-Template/Pods-Template-resources.sh\"\n";
			showEnvVarsInLog = 0;
		};
/* End PBXShellScriptBuildPhase section */

/* Begin PBXSourcesBuildPhase section */
		07A7D7541E56D58400D33992 /* Sources */ = {
			isa = PBXSourcesBuildPhase;
			buildActionMask = 2147483647;
			files = (
			);
			runOnlyForDeploymentPostprocessing = 0;
		};
		07FA10AD1E06C64100D1177B /* Sources */ = {
			isa = PBXSourcesBuildPhase;
			buildActionMask = 2147483647;
			files = (
				075AAD931E2DFC8F00094457 /* LoadEarthquakeModel.swift in Sources */,
				07DA497A1E1F9AAF00FA9A6E /* MemoryResourceTracking.swift in Sources */,
				07EF1BA71E7E7A80006ED396 /* String.swift in Sources */,
				074FBAF81F0A365F00CC01FF /* BaseTableViewCoordinator.swift in Sources */,
				0735B24D1E64F341000EA664 /* LoginOnboardingPageViewController.swift in Sources */,
				0735B24B1E63F192000EA664 /* LogInOnboardingController.swift in Sources */,
				072F3FB11E31BB2C00C419B0 /* GetLatestEarthquakes.swift in Sources */,
				07497E441E5697B0006A8F13 /* MoreInformation.swift in Sources */,
				07FA10F31E06F48500D1177B /* AppDelegate.swift in Sources */,
				075AAD921E2DF5CF00094457 /* EarthquakeBaseController.swift in Sources */,
				074FBAF51F0A35FA00CC01FF /* EarthquakesTableViewCoordinator.swift in Sources */,
				0763C02F1F243F5400E02C24 /* CLLocation.swift in Sources */,
				072F37B01E2DEC3900262192 /* AppController.swift in Sources */,
				07131EA71E34748700F0CFE7 /* DownloadEarthquakes.swift in Sources */,
				07A7D7511E56BE6100D33992 /* UIViewController.swift in Sources */,
				072F37A41E2DDA2B00262192 /* Earthquake.swift in Sources */,
				07359CD41E430F450078E854 /* BaseClassControllers.swift in Sources */,
				075AAD901E2DF5C500094457 /* EarthquakesTableViewController.swift in Sources */,
				078721381F0A297600692126 /* NetworkStatusSlideDownView.swift in Sources */,
				074FBAF61F0A360200CC01FF /* EarthquakeSectionHeaderView.swift in Sources */,
				0756AF601E403C8600C9A825 /* ParseJSONEarthquakes.swift in Sources */,
				074FBAC91F0A2F8300CC01FF /* NetworkReachabilityManager.swift in Sources */,
				07DA496B1E1E1D0400FA9A6E /* atomics.m in Sources */,
				072F379C1E2DD6CE00262192 /* Keychain.swift in Sources */,
				070397601E20F4FB00856727 /* UIColor.swift in Sources */,
				075AAD911E2DF5CC00094457 /* EarthquakeTableViewCell.swift in Sources */,
				07EF1BA51E7E7980006ED396 /* EditableEarthquakepoint.swift in Sources */,
				072F756C1E5D143C000A5E3C /* ProgressBarIndeterminate.swift in Sources */,
				072F756B1E5D143C000A5E3C /* UINavigationController+UIProgressView.swift in Sources */,
			);
			runOnlyForDeploymentPostprocessing = 0;
		};
/* End PBXSourcesBuildPhase section */

/* Begin PBXTargetDependency section */
		07A7D75E1E56D58400D33992 /* PBXTargetDependency */ = {
			isa = PBXTargetDependency;
			target = 07FA10B01E06C64100D1177B /* Template */;
			targetProxy = 07A7D75D1E56D58400D33992 /* PBXContainerItemProxy */;
		};
/* End PBXTargetDependency section */

/* Begin PBXVariantGroup section */
		0735B2471E63EE62000EA664 /* LoginOnboarding.storyboard */ = {
			isa = PBXVariantGroup;
			children = (
				0735B2481E63EE62000EA664 /* en */,
			);
			name = LoginOnboarding.storyboard;
			sourceTree = "<group>";
		};
		07DA496E1E1E1DF500FA9A6E /* LaunchScreen.storyboard */ = {
			isa = PBXVariantGroup;
			children = (
				07DA496F1E1E1DF500FA9A6E /* en */,
			);
			name = LaunchScreen.storyboard;
			sourceTree = "<group>";
		};
		07DA49701E1E1DF500FA9A6E /* SignedIn.storyboard */ = {
			isa = PBXVariantGroup;
			children = (
				07DA49711E1E1DF500FA9A6E /* en */,
			);
			name = SignedIn.storyboard;
			sourceTree = "<group>";
		};
/* End PBXVariantGroup section */

/* Begin XCBuildConfiguration section */
		07839B501E1D09050023CBB3 /* Release */ = {
			isa = XCBuildConfiguration;
			buildSettings = {
				ALWAYS_SEARCH_USER_PATHS = NO;
				CLANG_ANALYZER_NONNULL = YES;
				CLANG_CXX_LANGUAGE_STANDARD = "gnu++0x";
				CLANG_CXX_LIBRARY = "libc++";
				CLANG_ENABLE_MODULES = YES;
				CLANG_ENABLE_OBJC_ARC = YES;
				CLANG_WARN_BLOCK_CAPTURE_AUTORELEASING = YES;
				CLANG_WARN_BOOL_CONVERSION = YES;
				CLANG_WARN_COMMA = YES;
				CLANG_WARN_CONSTANT_CONVERSION = YES;
				CLANG_WARN_DIRECT_OBJC_ISA_USAGE = YES_ERROR;
				CLANG_WARN_EMPTY_BODY = YES;
				CLANG_WARN_ENUM_CONVERSION = YES;
				CLANG_WARN_INFINITE_RECURSION = YES;
				CLANG_WARN_INT_CONVERSION = YES;
				CLANG_WARN_NON_LITERAL_NULL_CONVERSION = YES;
				CLANG_WARN_OBJC_LITERAL_CONVERSION = YES;
				CLANG_WARN_OBJC_ROOT_CLASS = YES_ERROR;
				CLANG_WARN_RANGE_LOOP_ANALYSIS = YES;
				CLANG_WARN_STRICT_PROTOTYPES = YES;
				CLANG_WARN_SUSPICIOUS_MOVE = YES;
				CLANG_WARN_UNREACHABLE_CODE = YES;
				CLANG_WARN__DUPLICATE_METHOD_MATCH = YES;
				CODE_SIGN_ENTITLEMENTS = "$(PROJECT_DIR)/Resources/Template.entitlements";
				CODE_SIGN_IDENTITY = "iPhone Developer";
				COPY_PHASE_STRIP = NO;
				DEVELOPMENT_TEAM = 7W43VPB8DS;
				ENABLE_STRICT_OBJC_MSGSEND = YES;
				FRAMEWORK_SEARCH_PATHS = "\"$(SRCROOT)/../External/**\"";
				GCC_C_LANGUAGE_STANDARD = gnu99;
				GCC_NO_COMMON_BLOCKS = YES;
				GCC_PREPROCESSOR_DEFINITIONS = "$(inherited)";
				GCC_WARN_64_TO_32_BIT_CONVERSION = YES;
				GCC_WARN_ABOUT_RETURN_TYPE = YES_ERROR;
				GCC_WARN_UNDECLARED_SELECTOR = YES;
				GCC_WARN_UNINITIALIZED_AUTOS = YES_AGGRESSIVE;
				GCC_WARN_UNUSED_FUNCTION = YES;
				GCC_WARN_UNUSED_VARIABLE = YES;
				IPHONEOS_DEPLOYMENT_TARGET = 11.0;
				LD_RUNPATH_SEARCH_PATHS = "$(inherited) @executable_path/Frameworks";
				LIBRARY_SEARCH_PATHS = "\"$(SRCROOT)/../External/**\"";
				MTL_ENABLE_DEBUG_INFO = NO;
				PRODUCT_NAME = "";
				SDKROOT = iphoneos;
				SWIFT_OBJC_BRIDGING_HEADER = "";
			};
			name = Release;
		};
		07839B511E1D09050023CBB3 /* Release */ = {
			isa = XCBuildConfiguration;
			baseConfigurationReference = 0FCD6B64FB6096E3A9225A23 /* Pods-Template.release.xcconfig */;
			buildSettings = {
				ALWAYS_EMBED_SWIFT_STANDARD_LIBRARIES = YES;
				ALWAYS_SEARCH_USER_PATHS = NO;
				ASSETCATALOG_COMPILER_APPICON_NAME = AppIcon;
				ASSETCATALOG_COMPILER_LAUNCHIMAGE_NAME = LaunchImage;
				CLANG_ANALYZER_NONNULL = YES;
				CLANG_CXX_LANGUAGE_STANDARD = "gnu++0x";
				CLANG_CXX_LIBRARY = "libc++";
				CLANG_ENABLE_MODULES = YES;
				CLANG_ENABLE_OBJC_ARC = YES;
				CLANG_WARN_BOOL_CONVERSION = YES;
				CLANG_WARN_CONSTANT_CONVERSION = YES;
				CLANG_WARN_DIRECT_OBJC_ISA_USAGE = YES_ERROR;
				CLANG_WARN_DOCUMENTATION_COMMENTS = YES;
				CLANG_WARN_EMPTY_BODY = YES;
				CLANG_WARN_ENUM_CONVERSION = YES;
				CLANG_WARN_INFINITE_RECURSION = YES;
				CLANG_WARN_INT_CONVERSION = YES;
				CLANG_WARN_OBJC_ROOT_CLASS = YES_ERROR;
				CLANG_WARN_SUSPICIOUS_MOVE = YES;
				CLANG_WARN_UNREACHABLE_CODE = YES;
				CLANG_WARN__DUPLICATE_METHOD_MATCH = YES;
				CODE_SIGN_ENTITLEMENTS = "$(PROJECT_DIR)/Resources/Template.entitlements";
				CODE_SIGN_IDENTITY = "iPhone Distribution: Stephen McIntosh (7W43VPB8DS)";
				"CODE_SIGN_IDENTITY[sdk=iphoneos*]" = "iPhone Developer";
				COPY_PHASE_STRIP = NO;
				CURRENT_PROJECT_VERSION = 8;
				DEBUG_INFORMATION_FORMAT = "dwarf-with-dsym";
				DEFINES_MODULE = NO;
				DEVELOPMENT_TEAM = 7W43VPB8DS;
				ENABLE_STRICT_OBJC_MSGSEND = YES;
				ENABLE_TESTABILITY = YES;
				EXECUTABLE_PREFIX = "";
				FRAMEWORK_SEARCH_PATHS = (
					"$(inherited)",
					"\"$PODS_CONFIGURATION_BUILD_DIR/ProcedureKit\"",
				);
				GCC_C_LANGUAGE_STANDARD = gnu99;
				GCC_DYNAMIC_NO_PIC = NO;
				GCC_NO_COMMON_BLOCKS = YES;
				GCC_OPTIMIZATION_LEVEL = 0;
				GCC_PREPROCESSOR_DEFINITIONS = (
					"DEBUG=1",
					"$(inherited)",
				);
				GCC_WARN_64_TO_32_BIT_CONVERSION = YES;
				GCC_WARN_ABOUT_RETURN_TYPE = YES_ERROR;
				GCC_WARN_UNDECLARED_SELECTOR = YES;
				GCC_WARN_UNINITIALIZED_AUTOS = YES_AGGRESSIVE;
				GCC_WARN_UNUSED_FUNCTION = YES;
				GCC_WARN_UNUSED_VARIABLE = YES;
				INFOPLIST_FILE = "Development-Template-Info.plist";
				IPHONEOS_DEPLOYMENT_TARGET = 11.0;
				LD_RUNPATH_SEARCH_PATHS = "$(inherited)";
				LIBRARY_SEARCH_PATHS = "";
				MACOSX_DEPLOYMENT_TARGET = 10.12;
				MTL_ENABLE_DEBUG_INFO = NO;
				ONLY_ACTIVE_ARCH = YES;
				PRODUCT_BUNDLE_IDENTIFIER = com.stephenjmcintoshau.TemplateAU;
				PRODUCT_NAME = Template;
				PROVISIONING_PROFILE = "";
				PROVISIONING_PROFILE_SPECIFIER = "";
				SDKROOT = iphoneos;
				SWIFT_ACTIVE_COMPILATION_CONDITIONS = DEBUG;
				SWIFT_OBJC_BRIDGING_HEADER = "Template-Bridging-Header.h";
				SWIFT_OPTIMIZATION_LEVEL = "-Owholemodule";
				SWIFT_SWIFT3_OBJC_INFERENCE = Off;
				SWIFT_VERSION = 4.0;
				TARGETED_DEVICE_FAMILY = "1,2";
				TVOS_DEPLOYMENT_TARGET = 10.1;
				WATCHOS_DEPLOYMENT_TARGET = 3.1;
			};
			name = Release;
		};
		07A7D7601E56D58400D33992 /* Debug */ = {
			isa = XCBuildConfiguration;
			baseConfigurationReference = DF5C104DD346C6962B04A6CA /* Pods-TemplateTests.debug.xcconfig */;
			buildSettings = {
				ALWAYS_EMBED_SWIFT_STANDARD_LIBRARIES = YES;
				BUNDLE_LOADER = "$(TEST_HOST)";
				CLANG_WARN_DOCUMENTATION_COMMENTS = YES;
				"CODE_SIGN_IDENTITY[sdk=iphoneos*]" = "iPhone Developer";
				DEBUG_INFORMATION_FORMAT = dwarf;
				DEVELOPMENT_TEAM = 7W43VPB8DS;
				GCC_DYNAMIC_NO_PIC = NO;
				GCC_OPTIMIZATION_LEVEL = 0;
				INFOPLIST_FILE = TemplateTests/Info.plist;
				LD_RUNPATH_SEARCH_PATHS = "$(inherited) @executable_path/Frameworks @loader_path/Frameworks";
				PRODUCT_BUNDLE_IDENTIFIER = com.stephenjmcintoshau.TemplateAU.TemplateTests;
				PRODUCT_NAME = "$(TARGET_NAME)";
				SWIFT_ACTIVE_COMPILATION_CONDITIONS = DEBUG;
				SWIFT_OPTIMIZATION_LEVEL = "-Onone";
				SWIFT_SWIFT3_OBJC_INFERENCE = Off;
				SWIFT_VERSION = 4.0;
				TEST_HOST = "$(BUILT_PRODUCTS_DIR)/Template.app/Template";
			};
			name = Debug;
		};
		07A7D7611E56D58400D33992 /* Release */ = {
			isa = XCBuildConfiguration;
			baseConfigurationReference = 7FBE748E242E47F4FCB11E93 /* Pods-TemplateTests.release.xcconfig */;
			buildSettings = {
				ALWAYS_EMBED_SWIFT_STANDARD_LIBRARIES = YES;
				BUNDLE_LOADER = "$(TEST_HOST)";
				CLANG_WARN_DOCUMENTATION_COMMENTS = YES;
				"CODE_SIGN_IDENTITY[sdk=iphoneos*]" = "iPhone Developer";
				DEBUG_INFORMATION_FORMAT = "dwarf-with-dsym";
				DEVELOPMENT_TEAM = 7W43VPB8DS;
				ENABLE_NS_ASSERTIONS = NO;
				INFOPLIST_FILE = TemplateTests/Info.plist;
				LD_RUNPATH_SEARCH_PATHS = "$(inherited) @executable_path/Frameworks @loader_path/Frameworks";
				PRODUCT_BUNDLE_IDENTIFIER = com.stephenjmcintoshau.TemplateAU.TemplateTests;
				PRODUCT_NAME = "$(TARGET_NAME)";
				SWIFT_OPTIMIZATION_LEVEL = "-Owholemodule";
				SWIFT_SWIFT3_OBJC_INFERENCE = Off;
				SWIFT_VERSION = 4.0;
				TEST_HOST = "$(BUILT_PRODUCTS_DIR)/Template.app/Template";
				VALIDATE_PRODUCT = YES;
			};
			name = Release;
		};
		07A7D7621E56D58400D33992 /* Ad-hoc */ = {
			isa = XCBuildConfiguration;
			baseConfigurationReference = 92557CB700701935D3B4920A /* Pods-TemplateTests.ad-hoc.xcconfig */;
			buildSettings = {
				ALWAYS_EMBED_SWIFT_STANDARD_LIBRARIES = YES;
				BUNDLE_LOADER = "$(TEST_HOST)";
				CLANG_WARN_DOCUMENTATION_COMMENTS = YES;
				"CODE_SIGN_IDENTITY[sdk=iphoneos*]" = "iPhone Developer";
				DEBUG_INFORMATION_FORMAT = "dwarf-with-dsym";
				DEVELOPMENT_TEAM = 7W43VPB8DS;
				ENABLE_NS_ASSERTIONS = NO;
				INFOPLIST_FILE = TemplateTests/Info.plist;
				LD_RUNPATH_SEARCH_PATHS = "$(inherited) @executable_path/Frameworks @loader_path/Frameworks";
				PRODUCT_BUNDLE_IDENTIFIER = com.stephenjmcintoshau.TemplateAU.TemplateTests;
				PRODUCT_NAME = "$(TARGET_NAME)";
				SWIFT_OPTIMIZATION_LEVEL = "-Owholemodule";
				SWIFT_SWIFT3_OBJC_INFERENCE = Off;
				SWIFT_VERSION = 4.0;
				TEST_HOST = "$(BUILT_PRODUCTS_DIR)/Template.app/Template";
				VALIDATE_PRODUCT = YES;
			};
			name = "Ad-hoc";
		};
		07F88F7A1E555ADA009CA35F /* Ad-hoc */ = {
			isa = XCBuildConfiguration;
			buildSettings = {
				ALWAYS_SEARCH_USER_PATHS = NO;
				CLANG_ANALYZER_NONNULL = YES;
				CLANG_CXX_LANGUAGE_STANDARD = "gnu++0x";
				CLANG_CXX_LIBRARY = "libc++";
				CLANG_ENABLE_MODULES = YES;
				CLANG_ENABLE_OBJC_ARC = YES;
				CLANG_WARN_BLOCK_CAPTURE_AUTORELEASING = YES;
				CLANG_WARN_BOOL_CONVERSION = YES;
				CLANG_WARN_COMMA = YES;
				CLANG_WARN_CONSTANT_CONVERSION = YES;
				CLANG_WARN_DIRECT_OBJC_ISA_USAGE = YES_ERROR;
				CLANG_WARN_EMPTY_BODY = YES;
				CLANG_WARN_ENUM_CONVERSION = YES;
				CLANG_WARN_INFINITE_RECURSION = YES;
				CLANG_WARN_INT_CONVERSION = YES;
				CLANG_WARN_NON_LITERAL_NULL_CONVERSION = YES;
				CLANG_WARN_OBJC_LITERAL_CONVERSION = YES;
				CLANG_WARN_OBJC_ROOT_CLASS = YES_ERROR;
				CLANG_WARN_RANGE_LOOP_ANALYSIS = YES;
				CLANG_WARN_STRICT_PROTOTYPES = YES;
				CLANG_WARN_SUSPICIOUS_MOVE = YES;
				CLANG_WARN_UNREACHABLE_CODE = YES;
				CLANG_WARN__DUPLICATE_METHOD_MATCH = YES;
				CODE_SIGN_ENTITLEMENTS = "$(PROJECT_DIR)/Resources/Template.entitlements";
				CODE_SIGN_IDENTITY = "iPhone Developer";
				COPY_PHASE_STRIP = NO;
				DEVELOPMENT_TEAM = 7W43VPB8DS;
				ENABLE_STRICT_OBJC_MSGSEND = YES;
				FRAMEWORK_SEARCH_PATHS = "\"$(SRCROOT)/../External/**\"";
				GCC_C_LANGUAGE_STANDARD = gnu99;
				GCC_NO_COMMON_BLOCKS = YES;
				GCC_PREPROCESSOR_DEFINITIONS = "$(inherited)";
				GCC_WARN_64_TO_32_BIT_CONVERSION = YES;
				GCC_WARN_ABOUT_RETURN_TYPE = YES_ERROR;
				GCC_WARN_UNDECLARED_SELECTOR = YES;
				GCC_WARN_UNINITIALIZED_AUTOS = YES_AGGRESSIVE;
				GCC_WARN_UNUSED_FUNCTION = YES;
				GCC_WARN_UNUSED_VARIABLE = YES;
				IPHONEOS_DEPLOYMENT_TARGET = 11.0;
				LD_RUNPATH_SEARCH_PATHS = "$(inherited) @executable_path/Frameworks";
				LIBRARY_SEARCH_PATHS = "\"$(SRCROOT)/../External/**\"";
				MTL_ENABLE_DEBUG_INFO = NO;
				PRODUCT_NAME = "";
				SDKROOT = iphoneos;
				SWIFT_OBJC_BRIDGING_HEADER = "";
			};
			name = "Ad-hoc";
		};
		07F88F7B1E555ADA009CA35F /* Ad-hoc */ = {
			isa = XCBuildConfiguration;
			baseConfigurationReference = 7AF6130B74CE052E9825CD15 /* Pods-Template.ad-hoc.xcconfig */;
			buildSettings = {
				ALWAYS_EMBED_SWIFT_STANDARD_LIBRARIES = YES;
				ALWAYS_SEARCH_USER_PATHS = NO;
				ASSETCATALOG_COMPILER_APPICON_NAME = AppIcon;
				ASSETCATALOG_COMPILER_LAUNCHIMAGE_NAME = LaunchImage;
				CLANG_ANALYZER_NONNULL = YES;
				CLANG_CXX_LANGUAGE_STANDARD = "gnu++0x";
				CLANG_CXX_LIBRARY = "libc++";
				CLANG_ENABLE_MODULES = YES;
				CLANG_ENABLE_OBJC_ARC = YES;
				CLANG_WARN_BOOL_CONVERSION = YES;
				CLANG_WARN_CONSTANT_CONVERSION = YES;
				CLANG_WARN_DIRECT_OBJC_ISA_USAGE = YES_ERROR;
				CLANG_WARN_DOCUMENTATION_COMMENTS = YES;
				CLANG_WARN_EMPTY_BODY = YES;
				CLANG_WARN_ENUM_CONVERSION = YES;
				CLANG_WARN_INFINITE_RECURSION = YES;
				CLANG_WARN_INT_CONVERSION = YES;
				CLANG_WARN_OBJC_ROOT_CLASS = YES_ERROR;
				CLANG_WARN_SUSPICIOUS_MOVE = YES;
				CLANG_WARN_UNREACHABLE_CODE = YES;
				CLANG_WARN__DUPLICATE_METHOD_MATCH = YES;
				CODE_SIGN_ENTITLEMENTS = "$(PROJECT_DIR)/Resources/Template.entitlements";
				CODE_SIGN_IDENTITY = "iPhone Distribution: Stephen McIntosh (7W43VPB8DS)";
				"CODE_SIGN_IDENTITY[sdk=iphoneos*]" = "iPhone Developer";
				COPY_PHASE_STRIP = NO;
				CURRENT_PROJECT_VERSION = 8;
				DEBUG_INFORMATION_FORMAT = "dwarf-with-dsym";
				DEFINES_MODULE = NO;
				DEVELOPMENT_TEAM = 7W43VPB8DS;
				ENABLE_STRICT_OBJC_MSGSEND = YES;
				ENABLE_TESTABILITY = YES;
				EXECUTABLE_PREFIX = "";
				FRAMEWORK_SEARCH_PATHS = (
					"$(inherited)",
					"\"$PODS_CONFIGURATION_BUILD_DIR/ProcedureKit\"",
				);
				GCC_C_LANGUAGE_STANDARD = gnu99;
				GCC_DYNAMIC_NO_PIC = NO;
				GCC_NO_COMMON_BLOCKS = YES;
				GCC_OPTIMIZATION_LEVEL = 0;
				GCC_PREPROCESSOR_DEFINITIONS = (
					"DEBUG=1",
					"$(inherited)",
				);
				GCC_WARN_64_TO_32_BIT_CONVERSION = YES;
				GCC_WARN_ABOUT_RETURN_TYPE = YES_ERROR;
				GCC_WARN_UNDECLARED_SELECTOR = YES;
				GCC_WARN_UNINITIALIZED_AUTOS = YES_AGGRESSIVE;
				GCC_WARN_UNUSED_FUNCTION = YES;
				GCC_WARN_UNUSED_VARIABLE = YES;
				INFOPLIST_FILE = "Development-Template-Info.plist";
				IPHONEOS_DEPLOYMENT_TARGET = 11.0;
				LD_RUNPATH_SEARCH_PATHS = "$(inherited)";
				LIBRARY_SEARCH_PATHS = "";
				MACOSX_DEPLOYMENT_TARGET = 10.12;
				MTL_ENABLE_DEBUG_INFO = NO;
				ONLY_ACTIVE_ARCH = YES;
				PRODUCT_BUNDLE_IDENTIFIER = com.stephenjmcintoshau.TemplateAU;
				PRODUCT_NAME = Template;
				PROVISIONING_PROFILE = "";
				PROVISIONING_PROFILE_SPECIFIER = "";
				SDKROOT = iphoneos;
				SWIFT_ACTIVE_COMPILATION_CONDITIONS = DEBUG;
				SWIFT_OBJC_BRIDGING_HEADER = "Template-Bridging-Header.h";
				SWIFT_OPTIMIZATION_LEVEL = "-Onone";
				SWIFT_SWIFT3_OBJC_INFERENCE = Off;
				SWIFT_VERSION = 4.0;
				TARGETED_DEVICE_FAMILY = "1,2";
				TVOS_DEPLOYMENT_TARGET = 10.1;
				WATCHOS_DEPLOYMENT_TARGET = 3.1;
			};
			name = "Ad-hoc";
		};
		07FA10D91E06C64200D1177B /* Debug */ = {
			isa = XCBuildConfiguration;
			baseConfigurationReference = FE41E1B38EA6C1A098895031 /* Pods-Template.debug.xcconfig */;
			buildSettings = {
				ALWAYS_EMBED_SWIFT_STANDARD_LIBRARIES = YES;
				ALWAYS_SEARCH_USER_PATHS = NO;
				ASSETCATALOG_COMPILER_APPICON_NAME = AppIcon;
				ASSETCATALOG_COMPILER_LAUNCHIMAGE_NAME = LaunchImage;
				CLANG_ANALYZER_NONNULL = YES;
				CLANG_CXX_LANGUAGE_STANDARD = "gnu++0x";
				CLANG_CXX_LIBRARY = "libc++";
				CLANG_ENABLE_MODULES = YES;
				CLANG_ENABLE_OBJC_ARC = YES;
				CLANG_WARN_BOOL_CONVERSION = YES;
				CLANG_WARN_CONSTANT_CONVERSION = YES;
				CLANG_WARN_DIRECT_OBJC_ISA_USAGE = YES_ERROR;
				CLANG_WARN_DOCUMENTATION_COMMENTS = YES;
				CLANG_WARN_EMPTY_BODY = YES;
				CLANG_WARN_ENUM_CONVERSION = YES;
				CLANG_WARN_INFINITE_RECURSION = YES;
				CLANG_WARN_INT_CONVERSION = YES;
				CLANG_WARN_OBJC_ROOT_CLASS = YES_ERROR;
				CLANG_WARN_SUSPICIOUS_MOVE = YES;
				CLANG_WARN_UNREACHABLE_CODE = YES;
				CLANG_WARN__DUPLICATE_METHOD_MATCH = YES;
				CODE_SIGN_ENTITLEMENTS = "$(PROJECT_DIR)/Resources/Template.entitlements";
				CODE_SIGN_IDENTITY = "iPhone Developer: Stephen McIntosh (LTFC84M3CR)";
				"CODE_SIGN_IDENTITY[sdk=iphoneos*]" = "iPhone Developer";
				COPY_PHASE_STRIP = NO;
				CURRENT_PROJECT_VERSION = 8;
				DEBUG_INFORMATION_FORMAT = "dwarf-with-dsym";
				DEFINES_MODULE = NO;
				DEVELOPMENT_TEAM = 7W43VPB8DS;
				ENABLE_STRICT_OBJC_MSGSEND = YES;
				ENABLE_TESTABILITY = YES;
				EXECUTABLE_PREFIX = "";
				FRAMEWORK_SEARCH_PATHS = (
					"$(inherited)",
					"\"$PODS_CONFIGURATION_BUILD_DIR/ProcedureKit\"",
				);
				GCC_C_LANGUAGE_STANDARD = gnu99;
				GCC_DYNAMIC_NO_PIC = NO;
				GCC_NO_COMMON_BLOCKS = YES;
				GCC_OPTIMIZATION_LEVEL = 0;
				GCC_PREPROCESSOR_DEFINITIONS = "$(inherited)";
				GCC_WARN_64_TO_32_BIT_CONVERSION = YES;
				GCC_WARN_ABOUT_RETURN_TYPE = YES_ERROR;
				GCC_WARN_UNDECLARED_SELECTOR = YES;
				GCC_WARN_UNINITIALIZED_AUTOS = YES_AGGRESSIVE;
				GCC_WARN_UNUSED_FUNCTION = YES;
				GCC_WARN_UNUSED_VARIABLE = YES;
				INFOPLIST_FILE = "Development-Template-Info.plist";
				IPHONEOS_DEPLOYMENT_TARGET = 11.0;
				LD_RUNPATH_SEARCH_PATHS = "$(inherited)";
				LIBRARY_SEARCH_PATHS = "";
				MACOSX_DEPLOYMENT_TARGET = 10.12;
				MTL_ENABLE_DEBUG_INFO = YES;
				ONLY_ACTIVE_ARCH = YES;
				PRODUCT_BUNDLE_IDENTIFIER = com.stephenjmcintoshau.TemplateAU;
				PRODUCT_NAME = Template;
				PROVISIONING_PROFILE = "";
				PROVISIONING_PROFILE_SPECIFIER = "";
				SDKROOT = iphoneos;
				SWIFT_ACTIVE_COMPILATION_CONDITIONS = DEBUG;
				SWIFT_OBJC_BRIDGING_HEADER = "Template-Bridging-Header.h";
				SWIFT_OPTIMIZATION_LEVEL = "-Onone";
				SWIFT_SWIFT3_OBJC_INFERENCE = Off;
				SWIFT_VERSION = 4.0;
				TARGETED_DEVICE_FAMILY = "1,2";
				TVOS_DEPLOYMENT_TARGET = 10.1;
				WATCHOS_DEPLOYMENT_TARGET = 3.1;
			};
			name = Debug;
		};
		38503E7A1D477F580089EC93 /* Debug */ = {
			isa = XCBuildConfiguration;
			buildSettings = {
				ALWAYS_SEARCH_USER_PATHS = NO;
				CLANG_ANALYZER_NONNULL = YES;
				CLANG_CXX_LANGUAGE_STANDARD = "gnu++0x";
				CLANG_CXX_LIBRARY = "libc++";
				CLANG_ENABLE_MODULES = YES;
				CLANG_ENABLE_OBJC_ARC = YES;
				CLANG_WARN_BLOCK_CAPTURE_AUTORELEASING = YES;
				CLANG_WARN_BOOL_CONVERSION = YES;
				CLANG_WARN_COMMA = YES;
				CLANG_WARN_CONSTANT_CONVERSION = YES;
				CLANG_WARN_DIRECT_OBJC_ISA_USAGE = YES_ERROR;
				CLANG_WARN_EMPTY_BODY = YES;
				CLANG_WARN_ENUM_CONVERSION = YES;
				CLANG_WARN_INFINITE_RECURSION = YES;
				CLANG_WARN_INT_CONVERSION = YES;
				CLANG_WARN_NON_LITERAL_NULL_CONVERSION = YES;
				CLANG_WARN_OBJC_LITERAL_CONVERSION = YES;
				CLANG_WARN_OBJC_ROOT_CLASS = YES_ERROR;
				CLANG_WARN_RANGE_LOOP_ANALYSIS = YES;
				CLANG_WARN_STRICT_PROTOTYPES = YES;
				CLANG_WARN_SUSPICIOUS_MOVE = YES;
				CLANG_WARN_UNREACHABLE_CODE = YES;
				CLANG_WARN__DUPLICATE_METHOD_MATCH = YES;
				CODE_SIGN_ENTITLEMENTS = "$(PROJECT_DIR)/Resources/Template.entitlements";
				CODE_SIGN_IDENTITY = "iPhone Developer";
				COPY_PHASE_STRIP = NO;
				DEBUG_INFORMATION_FORMAT = "dwarf-with-dsym";
				DEVELOPMENT_TEAM = 7W43VPB8DS;
				ENABLE_STRICT_OBJC_MSGSEND = YES;
				ENABLE_TESTABILITY = YES;
				FRAMEWORK_SEARCH_PATHS = "\"$(SRCROOT)/../External/**\"";
				GCC_C_LANGUAGE_STANDARD = gnu99;
				GCC_NO_COMMON_BLOCKS = YES;
				GCC_PREPROCESSOR_DEFINITIONS = (
					"DEBUG=1",
					"$(inherited)",
				);
				GCC_WARN_64_TO_32_BIT_CONVERSION = YES;
				GCC_WARN_ABOUT_RETURN_TYPE = YES_ERROR;
				GCC_WARN_UNDECLARED_SELECTOR = YES;
				GCC_WARN_UNINITIALIZED_AUTOS = YES_AGGRESSIVE;
				GCC_WARN_UNUSED_FUNCTION = YES;
				GCC_WARN_UNUSED_VARIABLE = YES;
				IPHONEOS_DEPLOYMENT_TARGET = 11.0;
				LD_RUNPATH_SEARCH_PATHS = "$(inherited) @executable_path/Frameworks";
				LIBRARY_SEARCH_PATHS = "\"$(SRCROOT)/../External/**\"";
				MTL_ENABLE_DEBUG_INFO = YES;
				ONLY_ACTIVE_ARCH = YES;
				PRODUCT_NAME = "";
				SDKROOT = iphoneos;
				SWIFT_OBJC_BRIDGING_HEADER = "";
			};
			name = Debug;
		};
/* End XCBuildConfiguration section */

/* Begin XCConfigurationList section */
		07A7D75F1E56D58400D33992 /* Build configuration list for PBXNativeTarget "TemplateTests" */ = {
			isa = XCConfigurationList;
			buildConfigurations = (
				07A7D7601E56D58400D33992 /* Debug */,
				07A7D7611E56D58400D33992 /* Release */,
				07A7D7621E56D58400D33992 /* Ad-hoc */,
			);
			defaultConfigurationIsVisible = 0;
			defaultConfigurationName = Release;
		};
		07FA10DC1E06C64200D1177B /* Build configuration list for PBXNativeTarget "Template" */ = {
			isa = XCConfigurationList;
			buildConfigurations = (
				07FA10D91E06C64200D1177B /* Debug */,
				07839B511E1D09050023CBB3 /* Release */,
				07F88F7B1E555ADA009CA35F /* Ad-hoc */,
			);
			defaultConfigurationIsVisible = 0;
			defaultConfigurationName = Release;
		};
		38503E651D477F580089EC93 /* Build configuration list for PBXProject "Template" */ = {
			isa = XCConfigurationList;
			buildConfigurations = (
				38503E7A1D477F580089EC93 /* Debug */,
				07839B501E1D09050023CBB3 /* Release */,
				07F88F7A1E555ADA009CA35F /* Ad-hoc */,
			);
			defaultConfigurationIsVisible = 0;
			defaultConfigurationName = Release;
		};
/* End XCConfigurationList section */

/* Begin XCVersionGroup section */
		072F37A81E2DDEC000262192 /* Earthquakes.xcdatamodeld */ = {
			isa = XCVersionGroup;
			children = (
				076944341F14B6620064204E /* Earthquakes 6.xcdatamodel */,
				074FBAFC1F0A3B9000CC01FF /* Earthquakes 5.xcdatamodel */,
				074FBAFB1F0A3B3B00CC01FF /* Earthquakes 4.xcdatamodel */,
				074FBAFA1F0A3B1900CC01FF /* Earthquakes 3.xcdatamodel */,
				074FBAF91F0A3A3B00CC01FF /* Earthquakes 2.xcdatamodel */,
				072F37A91E2DDEC000262192 /* Earthquakes.xcdatamodel */,
			);
			currentVersion = 076944341F14B6620064204E /* Earthquakes 6.xcdatamodel */;
			path = Earthquakes.xcdatamodeld;
			sourceTree = "<group>";
			versionGroupType = wrapper.xcdatamodel;
		};
/* End XCVersionGroup section */
	};
	rootObject = 38503E621D477F580089EC93 /* Project object */;
}
